
Microsoft Visual Studio Solution File, Format Version 12.00
# Visual Studio Version 16
VisualStudioVersion = 16.0.31205.134
MinimumVisualStudioVersion = 10.0.40219.1
Project("{2150E333-8FDC-42A3-9474-1A3956D46DE8}") = "Challenge 1", "Challenge 1", "{B22961A8-94A3-4CA3-A0D0-B06BDED66606}"
EndProject
Project("{FAE04EC0-301F-11D3-BF4B-00C04F79EFBC}") = "Komodo_Cafe", "Komodo_Cafe\Komodo_Cafe.csproj", "{17F938AF-95CF-40CA-8F95-4C89C494D522}"
EndProject
Project("{FAE04EC0-301F-11D3-BF4B-00C04F79EFBC}") = "MenuItem_POCO", "MenuItem_POCO\MenuItem_POCO.csproj", "{7F34ACAC-A92C-4312-893F-1178E790D787}"
EndProject
Project("{FAE04EC0-301F-11D3-BF4B-00C04F79EFBC}") = "MenuItem_Repo", "MenuItem_Repo\MenuItem_Repo.csproj", "{A1231CE5-7E7D-4077-890B-4486D285F3AD}"
EndProject
Project("{2150E333-8FDC-42A3-9474-1A3956D46DE8}") = "Challenge 2", "Challenge 2", "{22BA0E95-91E9-4A03-81CA-ED395B384CF1}"
EndProject
Project("{FAE04EC0-301F-11D3-BF4B-00C04F79EFBC}") = "Claims_UI", "Claims_UI\Claims_UI.csproj", "{4D90FBC9-1BEB-4D00-B638-D2BB9BFAF336}"
EndProject
Project("{FAE04EC0-301F-11D3-BF4B-00C04F79EFBC}") = "Claim_POCO", "Claim_POCO\Claim_POCO.csproj", "{59693A99-DB69-441A-8B19-E7FD7E3C43AD}"
EndProject
Project("{FAE04EC0-301F-11D3-BF4B-00C04F79EFBC}") = "Claim_Repo", "Claim_Repo\Claim_Repo.csproj", "{EFCD4A00-D673-4FF7-BEFF-969DFC648A42}"
EndProject
Project("{2150E333-8FDC-42A3-9474-1A3956D46DE8}") = "Challenge 3", "Challenge 3", "{8C990929-AB86-4220-BA84-DF401EBC1329}"
EndProject
Project("{FAE04EC0-301F-11D3-BF4B-00C04F79EFBC}") = "Badges_UI", "Badges_UI\Badges_UI.csproj", "{A9290D29-B261-40AF-A2E3-C42054D7525B}"
EndProject
Project("{FAE04EC0-301F-11D3-BF4B-00C04F79EFBC}") = "Badge_POCO", "Badge_POCO\Badge_POCO.csproj", "{C8526260-554B-4E54-A2A5-7CF82D3BBBB0}"
EndProject
Project("{FAE04EC0-301F-11D3-BF4B-00C04F79EFBC}") = "Badge_Repo", "Badge_Repo\Badge_Repo.csproj", "{3F338628-CE34-4C78-B51B-3959C12C0A0C}"
EndProject
Project("{FAE04EC0-301F-11D3-BF4B-00C04F79EFBC}") = "ClaimsUnitTest", "ClaimsUnitTest\ClaimsUnitTest.csproj", "{67C51036-E669-4338-8577-879290B7DCB7}"
EndProject
Project("{FAE04EC0-301F-11D3-BF4B-00C04F79EFBC}") = "KomodoCafeUnitTest", "KomodoCafeUnitTest\KomodoCafeUnitTest.csproj", "{560D4329-EE1B-4791-A0E3-7C3052E621AF}"
EndProject
Project("{FAE04EC0-301F-11D3-BF4B-00C04F79EFBC}") = "BadgeUnitTest", "BadgeUnitTest\BadgeUnitTest.csproj", "{D66F6840-E1F7-49B1-9552-04E0F35AAC3E}"
EndProject
Project("{2150E333-8FDC-42A3-9474-1A3956D46DE8}") = "Challenge 7", "Challenge 7", "{8DAE02DD-C63D-4E52-9E7A-718D71BC53B1}"
EndProject
Project("{FAE04EC0-301F-11D3-BF4B-00C04F79EFBC}") = "Komodo_BBQ", "Komodo_BBQ\Komodo_BBQ.csproj", "{68FA147E-54D0-4406-9353-FDF91810CA21}"
EndProject
Project("{FAE04EC0-301F-11D3-BF4B-00C04F79EFBC}") = "Employee_POCO", "Employee_POCO\Employee_POCO.csproj", "{349E2585-4501-4000-8418-6DAE40D50251}"
EndProject
Project("{FAE04EC0-301F-11D3-BF4B-00C04F79EFBC}") = "BBQ_POCO", "BBQ_POCO\BBQ_POCO.csproj", "{95056FA0-7B06-4AEE-848C-FEE481ED8A85}"
EndProject
Project("{FAE04EC0-301F-11D3-BF4B-00C04F79EFBC}") = "Burger_Booth_POCO", "Burger_Booth_POCO\Burger_Booth_POCO.csproj", "{F71F9807-29C3-457A-8DA1-0DA5BC080BED}"
EndProject
Project("{FAE04EC0-301F-11D3-BF4B-00C04F79EFBC}") = "Treat_Booth_POCO", "Treat_Booth_POCO\Treat_Booth_POCO.csproj", "{3C69456F-4819-47A4-9692-EDB238235FF8}"
EndProject
Project("{FAE04EC0-301F-11D3-BF4B-00C04F79EFBC}") = "Employee_Repo", "Employee_Repo\Employee_Repo.csproj", "{5690A18F-4EA4-4A04-8ECC-C0DC0A68EB85}"
EndProject
Project("{FAE04EC0-301F-11D3-BF4B-00C04F79EFBC}") = "Burger_Booth_Repo", "Burger_Booth_Repo\Burger_Booth_Repo.csproj", "{568FF62C-7E87-41AD-8BD3-077638CB48E7}"
EndProject
Project("{FAE04EC0-301F-11D3-BF4B-00C04F79EFBC}") = "Treat_Booth_Repo", "Treat_Booth_Repo\Treat_Booth_Repo.csproj", "{A8904391-2BA9-40FF-B410-1320D80C73FF}"
EndProject
Project("{FAE04EC0-301F-11D3-BF4B-00C04F79EFBC}") = "BBQ_Repo", "BBQ_Repo\BBQ_Repo.csproj", "{88B93EF4-1DAA-4D3A-935D-87376ED6C63A}"
EndProject
Project("{FAE04EC0-301F-11D3-BF4B-00C04F79EFBC}") = "Komodo_BBQ_UnitTest", "Komodo_BBQ_UnitTest\Komodo_BBQ_UnitTest.csproj", "{672FA3F7-D90D-45C6-A7B7-CAE0CC6650E8}"
EndProject
Project("{2150E333-8FDC-42A3-9474-1A3956D46DE8}") = "ReadMe", "ReadMe", "{2724BA54-7AF6-461C-9F53-C5C5DC49C411}"
	ProjectSection(SolutionItems) = preProject
		ReadMe1.txt = ReadMe1.txt
	EndProjectSection
EndProject
Global
	GlobalSection(SolutionConfigurationPlatforms) = preSolution
		Debug|Any CPU = Debug|Any CPU
		Release|Any CPU = Release|Any CPU
	EndGlobalSection
	GlobalSection(ProjectConfigurationPlatforms) = postSolution
		{17F938AF-95CF-40CA-8F95-4C89C494D522}.Debug|Any CPU.ActiveCfg = Debug|Any CPU
		{17F938AF-95CF-40CA-8F95-4C89C494D522}.Debug|Any CPU.Build.0 = Debug|Any CPU
		{17F938AF-95CF-40CA-8F95-4C89C494D522}.Release|Any CPU.ActiveCfg = Release|Any CPU
		{17F938AF-95CF-40CA-8F95-4C89C494D522}.Release|Any CPU.Build.0 = Release|Any CPU
		{7F34ACAC-A92C-4312-893F-1178E790D787}.Debug|Any CPU.ActiveCfg = Debug|Any CPU
		{7F34ACAC-A92C-4312-893F-1178E790D787}.Debug|Any CPU.Build.0 = Debug|Any CPU
		{7F34ACAC-A92C-4312-893F-1178E790D787}.Release|Any CPU.ActiveCfg = Release|Any CPU
		{7F34ACAC-A92C-4312-893F-1178E790D787}.Release|Any CPU.Build.0 = Release|Any CPU
		{A1231CE5-7E7D-4077-890B-4486D285F3AD}.Debug|Any CPU.ActiveCfg = Debug|Any CPU
		{A1231CE5-7E7D-4077-890B-4486D285F3AD}.Debug|Any CPU.Build.0 = Debug|Any CPU
		{A1231CE5-7E7D-4077-890B-4486D285F3AD}.Release|Any CPU.ActiveCfg = Release|Any CPU
		{A1231CE5-7E7D-4077-890B-4486D285F3AD}.Release|Any CPU.Build.0 = Release|Any CPU
		{4D90FBC9-1BEB-4D00-B638-D2BB9BFAF336}.Debug|Any CPU.ActiveCfg = Debug|Any CPU
		{4D90FBC9-1BEB-4D00-B638-D2BB9BFAF336}.Debug|Any CPU.Build.0 = Debug|Any CPU
		{4D90FBC9-1BEB-4D00-B638-D2BB9BFAF336}.Release|Any CPU.ActiveCfg = Release|Any CPU
		{4D90FBC9-1BEB-4D00-B638-D2BB9BFAF336}.Release|Any CPU.Build.0 = Release|Any CPU
		{59693A99-DB69-441A-8B19-E7FD7E3C43AD}.Debug|Any CPU.ActiveCfg = Debug|Any CPU
		{59693A99-DB69-441A-8B19-E7FD7E3C43AD}.Debug|Any CPU.Build.0 = Debug|Any CPU
		{59693A99-DB69-441A-8B19-E7FD7E3C43AD}.Release|Any CPU.ActiveCfg = Release|Any CPU
		{59693A99-DB69-441A-8B19-E7FD7E3C43AD}.Release|Any CPU.Build.0 = Release|Any CPU
		{EFCD4A00-D673-4FF7-BEFF-969DFC648A42}.Debug|Any CPU.ActiveCfg = Debug|Any CPU
		{EFCD4A00-D673-4FF7-BEFF-969DFC648A42}.Debug|Any CPU.Build.0 = Debug|Any CPU
		{EFCD4A00-D673-4FF7-BEFF-969DFC648A42}.Release|Any CPU.ActiveCfg = Release|Any CPU
		{EFCD4A00-D673-4FF7-BEFF-969DFC648A42}.Release|Any CPU.Build.0 = Release|Any CPU
		{A9290D29-B261-40AF-A2E3-C42054D7525B}.Debug|Any CPU.ActiveCfg = Debug|Any CPU
		{A9290D29-B261-40AF-A2E3-C42054D7525B}.Debug|Any CPU.Build.0 = Debug|Any CPU
		{A9290D29-B261-40AF-A2E3-C42054D7525B}.Release|Any CPU.ActiveCfg = Release|Any CPU
		{A9290D29-B261-40AF-A2E3-C42054D7525B}.Release|Any CPU.Build.0 = Release|Any CPU
		{C8526260-554B-4E54-A2A5-7CF82D3BBBB0}.Debug|Any CPU.ActiveCfg = Debug|Any CPU
		{C8526260-554B-4E54-A2A5-7CF82D3BBBB0}.Debug|Any CPU.Build.0 = Debug|Any CPU
		{C8526260-554B-4E54-A2A5-7CF82D3BBBB0}.Release|Any CPU.ActiveCfg = Release|Any CPU
		{C8526260-554B-4E54-A2A5-7CF82D3BBBB0}.Release|Any CPU.Build.0 = Release|Any CPU
		{3F338628-CE34-4C78-B51B-3959C12C0A0C}.Debug|Any CPU.ActiveCfg = Debug|Any CPU
		{3F338628-CE34-4C78-B51B-3959C12C0A0C}.Debug|Any CPU.Build.0 = Debug|Any CPU
		{3F338628-CE34-4C78-B51B-3959C12C0A0C}.Release|Any CPU.ActiveCfg = Release|Any CPU
		{3F338628-CE34-4C78-B51B-3959C12C0A0C}.Release|Any CPU.Build.0 = Release|Any CPU
		{67C51036-E669-4338-8577-879290B7DCB7}.Debug|Any CPU.ActiveCfg = Debug|Any CPU
		{67C51036-E669-4338-8577-879290B7DCB7}.Debug|Any CPU.Build.0 = Debug|Any CPU
		{67C51036-E669-4338-8577-879290B7DCB7}.Release|Any CPU.ActiveCfg = Release|Any CPU
		{67C51036-E669-4338-8577-879290B7DCB7}.Release|Any CPU.Build.0 = Release|Any CPU
		{560D4329-EE1B-4791-A0E3-7C3052E621AF}.Debug|Any CPU.ActiveCfg = Debug|Any CPU
		{560D4329-EE1B-4791-A0E3-7C3052E621AF}.Debug|Any CPU.Build.0 = Debug|Any CPU
		{560D4329-EE1B-4791-A0E3-7C3052E621AF}.Release|Any CPU.ActiveCfg = Release|Any CPU
		{560D4329-EE1B-4791-A0E3-7C3052E621AF}.Release|Any CPU.Build.0 = Release|Any CPU
		{D66F6840-E1F7-49B1-9552-04E0F35AAC3E}.Debug|Any CPU.ActiveCfg = Debug|Any CPU
		{D66F6840-E1F7-49B1-9552-04E0F35AAC3E}.Debug|Any CPU.Build.0 = Debug|Any CPU
		{D66F6840-E1F7-49B1-9552-04E0F35AAC3E}.Release|Any CPU.ActiveCfg = Release|Any CPU
		{D66F6840-E1F7-49B1-9552-04E0F35AAC3E}.Release|Any CPU.Build.0 = Release|Any CPU
		{68FA147E-54D0-4406-9353-FDF91810CA21}.Debug|Any CPU.ActiveCfg = Debug|Any CPU
		{68FA147E-54D0-4406-9353-FDF91810CA21}.Debug|Any CPU.Build.0 = Debug|Any CPU
		{68FA147E-54D0-4406-9353-FDF91810CA21}.Release|Any CPU.ActiveCfg = Release|Any CPU
		{68FA147E-54D0-4406-9353-FDF91810CA21}.Release|Any CPU.Build.0 = Release|Any CPU
		{349E2585-4501-4000-8418-6DAE40D50251}.Debug|Any CPU.ActiveCfg = Debug|Any CPU
		{349E2585-4501-4000-8418-6DAE40D50251}.Debug|Any CPU.Build.0 = Debug|Any CPU
		{349E2585-4501-4000-8418-6DAE40D50251}.Release|Any CPU.ActiveCfg = Release|Any CPU
		{349E2585-4501-4000-8418-6DAE40D50251}.Release|Any CPU.Build.0 = Release|Any CPU
		{95056FA0-7B06-4AEE-848C-FEE481ED8A85}.Debug|Any CPU.ActiveCfg = Debug|Any CPU
		{95056FA0-7B06-4AEE-848C-FEE481ED8A85}.Debug|Any CPU.Build.0 = Debug|Any CPU
		{95056FA0-7B06-4AEE-848C-FEE481ED8A85}.Release|Any CPU.ActiveCfg = Release|Any CPU
		{95056FA0-7B06-4AEE-848C-FEE481ED8A85}.Release|Any CPU.Build.0 = Release|Any CPU
		{F71F9807-29C3-457A-8DA1-0DA5BC080BED}.Debug|Any CPU.ActiveCfg = Debug|Any CPU
		{F71F9807-29C3-457A-8DA1-0DA5BC080BED}.Debug|Any CPU.Build.0 = Debug|Any CPU
		{F71F9807-29C3-457A-8DA1-0DA5BC080BED}.Release|Any CPU.ActiveCfg = Release|Any CPU
		{F71F9807-29C3-457A-8DA1-0DA5BC080BED}.Release|Any CPU.Build.0 = Release|Any CPU
		{3C69456F-4819-47A4-9692-EDB238235FF8}.Debug|Any CPU.ActiveCfg = Debug|Any CPU
		{3C69456F-4819-47A4-9692-EDB238235FF8}.Debug|Any CPU.Build.0 = Debug|Any CPU
		{3C69456F-4819-47A4-9692-EDB238235FF8}.Release|Any CPU.ActiveCfg = Release|Any CPU
		{3C69456F-4819-47A4-9692-EDB238235FF8}.Release|Any CPU.Build.0 = Release|Any CPU
		{5690A18F-4EA4-4A04-8ECC-C0DC0A68EB85}.Debug|Any CPU.ActiveCfg = Debug|Any CPU
		{5690A18F-4EA4-4A04-8ECC-C0DC0A68EB85}.Debug|Any CPU.Build.0 = Debug|Any CPU
		{5690A18F-4EA4-4A04-8ECC-C0DC0A68EB85}.Release|Any CPU.ActiveCfg = Release|Any CPU
		{5690A18F-4EA4-4A04-8ECC-C0DC0A68EB85}.Release|Any CPU.Build.0 = Release|Any CPU
		{568FF62C-7E87-41AD-8BD3-077638CB48E7}.Debug|Any CPU.ActiveCfg = Debug|Any CPU
		{568FF62C-7E87-41AD-8BD3-077638CB48E7}.Debug|Any CPU.Build.0 = Debug|Any CPU
		{568FF62C-7E87-41AD-8BD3-077638CB48E7}.Release|Any CPU.ActiveCfg = Release|Any CPU
		{568FF62C-7E87-41AD-8BD3-077638CB48E7}.Release|Any CPU.Build.0 = Release|Any CPU
		{A8904391-2BA9-40FF-B410-1320D80C73FF}.Debug|Any CPU.ActiveCfg = Debug|Any CPU
		{A8904391-2BA9-40FF-B410-1320D80C73FF}.Debug|Any CPU.Build.0 = Debug|Any CPU
		{A8904391-2BA9-40FF-B410-1320D80C73FF}.Release|Any CPU.ActiveCfg = Release|Any CPU
		{A8904391-2BA9-40FF-B410-1320D80C73FF}.Release|Any CPU.Build.0 = Release|Any CPU
		{88B93EF4-1DAA-4D3A-935D-87376ED6C63A}.Debug|Any CPU.ActiveCfg = Debug|Any CPU
		{88B93EF4-1DAA-4D3A-935D-87376ED6C63A}.Debug|Any CPU.Build.0 = Debug|Any CPU
		{88B93EF4-1DAA-4D3A-935D-87376ED6C63A}.Release|Any CPU.ActiveCfg = Release|Any CPU
		{88B93EF4-1DAA-4D3A-935D-87376ED6C63A}.Release|Any CPU.Build.0 = Release|Any CPU
		{672FA3F7-D90D-45C6-A7B7-CAE0CC6650E8}.Debug|Any CPU.ActiveCfg = Debug|Any CPU
		{672FA3F7-D90D-45C6-A7B7-CAE0CC6650E8}.Debug|Any CPU.Build.0 = Debug|Any CPU
		{672FA3F7-D90D-45C6-A7B7-CAE0CC6650E8}.Release|Any CPU.ActiveCfg = Release|Any CPU
		{672FA3F7-D90D-45C6-A7B7-CAE0CC6650E8}.Release|Any CPU.Build.0 = Release|Any CPU
	EndGlobalSection
	GlobalSection(SolutionProperties) = preSolution
		HideSolutionNode = FALSE
	EndGlobalSection
	GlobalSection(NestedProjects) = preSolution
		{17F938AF-95CF-40CA-8F95-4C89C494D522} = {B22961A8-94A3-4CA3-A0D0-B06BDED66606}
		{7F34ACAC-A92C-4312-893F-1178E790D787} = {B22961A8-94A3-4CA3-A0D0-B06BDED66606}
		{A1231CE5-7E7D-4077-890B-4486D285F3AD} = {B22961A8-94A3-4CA3-A0D0-B06BDED66606}
		{4D90FBC9-1BEB-4D00-B638-D2BB9BFAF336} = {22BA0E95-91E9-4A03-81CA-ED395B384CF1}
		{59693A99-DB69-441A-8B19-E7FD7E3C43AD} = {22BA0E95-91E9-4A03-81CA-ED395B384CF1}
		{EFCD4A00-D673-4FF7-BEFF-969DFC648A42} = {22BA0E95-91E9-4A03-81CA-ED395B384CF1}
		{A9290D29-B261-40AF-A2E3-C42054D7525B} = {8C990929-AB86-4220-BA84-DF401EBC1329}
		{C8526260-554B-4E54-A2A5-7CF82D3BBBB0} = {8C990929-AB86-4220-BA84-DF401EBC1329}
		{3F338628-CE34-4C78-B51B-3959C12C0A0C} = {8C990929-AB86-4220-BA84-DF401EBC1329}
		{67C51036-E669-4338-8577-879290B7DCB7} = {22BA0E95-91E9-4A03-81CA-ED395B384CF1}
		{560D4329-EE1B-4791-A0E3-7C3052E621AF} = {B22961A8-94A3-4CA3-A0D0-B06BDED66606}
		{D66F6840-E1F7-49B1-9552-04E0F35AAC3E} = {8C990929-AB86-4220-BA84-DF401EBC1329}
		{68FA147E-54D0-4406-9353-FDF91810CA21} = {8DAE02DD-C63D-4E52-9E7A-718D71BC53B1}
		{349E2585-4501-4000-8418-6DAE40D50251} = {8DAE02DD-C63D-4E52-9E7A-718D71BC53B1}
		{95056FA0-7B06-4AEE-848C-FEE481ED8A85} = {8DAE02DD-C63D-4E52-9E7A-718D71BC53B1}
		{F71F9807-29C3-457A-8DA1-0DA5BC080BED} = {8DAE02DD-C63D-4E52-9E7A-718D71BC53B1}
		{3C69456F-4819-47A4-9692-EDB238235FF8} = {8DAE02DD-C63D-4E52-9E7A-718D71BC53B1}
		{5690A18F-4EA4-4A04-8ECC-C0DC0A68EB85} = {8DAE02DD-C63D-4E52-9E7A-718D71BC53B1}
		{568FF62C-7E87-41AD-8BD3-077638CB48E7} = {8DAE02DD-C63D-4E52-9E7A-718D71BC53B1}
		{A8904391-2BA9-40FF-B410-1320D80C73FF} = {8DAE02DD-C63D-4E52-9E7A-718D71BC53B1}
		{88B93EF4-1DAA-4D3A-935D-87376ED6C63A} = {8DAE02DD-C63D-4E52-9E7A-718D71BC53B1}
		{672FA3F7-D90D-45C6-A7B7-CAE0CC6650E8} = {8DAE02DD-C63D-4E52-9E7A-718D71BC53B1}
	EndGlobalSection
	GlobalSection(ExtensibilityGlobals) = postSolution
		SolutionGuid = {98E00D6C-E9EE-4E8F-B112-5F4124BFB6CB}
	EndGlobalSection
EndGlobal
