
Microsoft Visual Studio Solution File, Format Version 12.00
# Visual Studio Version 16
VisualStudioVersion = 16.0.31205.134
MinimumVisualStudioVersion = 10.0.40219.1
Project("{2150E333-8FDC-42A3-9474-1A3956D46DE8}") = "Challenge 1", "Challenge 1", "{B22961A8-94A3-4CA3-A0D0-B06BDED66606}"
EndProject
Project("{FAE04EC0-301F-11D3-BF4B-00C04F79EFBC}") = "Komodo_Cafe", "Komodo_Cafe\Komodo_Cafe.csproj", "{17F938AF-95CF-40CA-8F95-4C89C494D522}"
EndProject
Project("{FAE04EC0-301F-11D3-BF4B-00C04F79EFBC}") = "UnitTestProject", "UnitTestProject\UnitTestProject.csproj", "{A5C041CC-77B8-4C83-A074-8F5EA276F139}"
EndProject
Project("{FAE04EC0-301F-11D3-BF4B-00C04F79EFBC}") = "MenuItem_POCO", "MenuItem_POCO\MenuItem_POCO.csproj", "{7F34ACAC-A92C-4312-893F-1178E790D787}"
EndProject
Project("{FAE04EC0-301F-11D3-BF4B-00C04F79EFBC}") = "MenuItem_Repo", "MenuItem_Repo\MenuItem_Repo.csproj", "{A1231CE5-7E7D-4077-890B-4486D285F3AD}"
EndProject
Project("{2150E333-8FDC-42A3-9474-1A3956D46DE8}") = "Challenge 2", "Challenge 2", "{22BA0E95-91E9-4A03-81CA-ED395B384CF1}"
EndProject
Project("{FAE04EC0-301F-11D3-BF4B-00C04F79EFBC}") = "Claims_UI", "Claims_UI\Claims_UI.csproj", "{4D90FBC9-1BEB-4D00-B638-D2BB9BFAF336}"
EndProject
Project("{FAE04EC0-301F-11D3-BF4B-00C04F79EFBC}") = "Claim_POCO", "Claim_POCO\Claim_POCO.csproj", "{59693A99-DB69-441A-8B19-E7FD7E3C43AD}"
EndProject
Project("{FAE04EC0-301F-11D3-BF4B-00C04F79EFBC}") = "Claim_Repo", "Claim_Repo\Claim_Repo.csproj", "{EFCD4A00-D673-4FF7-BEFF-969DFC648A42}"
EndProject
Project("{2150E333-8FDC-42A3-9474-1A3956D46DE8}") = "Challenge 3", "Challenge 3", "{8C990929-AB86-4220-BA84-DF401EBC1329}"
EndProject
Project("{FAE04EC0-301F-11D3-BF4B-00C04F79EFBC}") = "Badges_UI", "Badges_UI\Badges_UI.csproj", "{A9290D29-B261-40AF-A2E3-C42054D7525B}"
EndProject
Project("{FAE04EC0-301F-11D3-BF4B-00C04F79EFBC}") = "Badge_POCO", "Badge_POCO\Badge_POCO.csproj", "{C8526260-554B-4E54-A2A5-7CF82D3BBBB0}"
EndProject
Project("{FAE04EC0-301F-11D3-BF4B-00C04F79EFBC}") = "Badge_Repo", "Badge_Repo\Badge_Repo.csproj", "{3F338628-CE34-4C78-B51B-3959C12C0A0C}"
EndProject
Project("{FAE04EC0-301F-11D3-BF4B-00C04F79EFBC}") = "UnitTestProject2", "UnitTestProject2\UnitTestProject2.csproj", "{F2701B62-4CBD-4DF8-958A-73943F1AB29D}"
EndProject
Project("{FAE04EC0-301F-11D3-BF4B-00C04F79EFBC}") = "ClaimsUnitTest", "ClaimsUnitTest\ClaimsUnitTest.csproj", "{67C51036-E669-4338-8577-879290B7DCB7}"
EndProject
Global
	GlobalSection(SolutionConfigurationPlatforms) = preSolution
		Debug|Any CPU = Debug|Any CPU
		Release|Any CPU = Release|Any CPU
	EndGlobalSection
	GlobalSection(ProjectConfigurationPlatforms) = postSolution
		{17F938AF-95CF-40CA-8F95-4C89C494D522}.Debug|Any CPU.ActiveCfg = Debug|Any CPU
		{17F938AF-95CF-40CA-8F95-4C89C494D522}.Debug|Any CPU.Build.0 = Debug|Any CPU
		{17F938AF-95CF-40CA-8F95-4C89C494D522}.Release|Any CPU.ActiveCfg = Release|Any CPU
		{17F938AF-95CF-40CA-8F95-4C89C494D522}.Release|Any CPU.Build.0 = Release|Any CPU
		{A5C041CC-77B8-4C83-A074-8F5EA276F139}.Debug|Any CPU.ActiveCfg = Debug|Any CPU
		{A5C041CC-77B8-4C83-A074-8F5EA276F139}.Debug|Any CPU.Build.0 = Debug|Any CPU
		{A5C041CC-77B8-4C83-A074-8F5EA276F139}.Release|Any CPU.ActiveCfg = Release|Any CPU
		{A5C041CC-77B8-4C83-A074-8F5EA276F139}.Release|Any CPU.Build.0 = Release|Any CPU
		{7F34ACAC-A92C-4312-893F-1178E790D787}.Debug|Any CPU.ActiveCfg = Debug|Any CPU
		{7F34ACAC-A92C-4312-893F-1178E790D787}.Debug|Any CPU.Build.0 = Debug|Any CPU
		{7F34ACAC-A92C-4312-893F-1178E790D787}.Release|Any CPU.ActiveCfg = Release|Any CPU
		{7F34ACAC-A92C-4312-893F-1178E790D787}.Release|Any CPU.Build.0 = Release|Any CPU
		{A1231CE5-7E7D-4077-890B-4486D285F3AD}.Debug|Any CPU.ActiveCfg = Debug|Any CPU
		{A1231CE5-7E7D-4077-890B-4486D285F3AD}.Debug|Any CPU.Build.0 = Debug|Any CPU
		{A1231CE5-7E7D-4077-890B-4486D285F3AD}.Release|Any CPU.ActiveCfg = Release|Any CPU
		{A1231CE5-7E7D-4077-890B-4486D285F3AD}.Release|Any CPU.Build.0 = Release|Any CPU
		{4D90FBC9-1BEB-4D00-B638-D2BB9BFAF336}.Debug|Any CPU.ActiveCfg = Debug|Any CPU
		{4D90FBC9-1BEB-4D00-B638-D2BB9BFAF336}.Debug|Any CPU.Build.0 = Debug|Any CPU
		{4D90FBC9-1BEB-4D00-B638-D2BB9BFAF336}.Release|Any CPU.ActiveCfg = Release|Any CPU
		{4D90FBC9-1BEB-4D00-B638-D2BB9BFAF336}.Release|Any CPU.Build.0 = Release|Any CPU
		{59693A99-DB69-441A-8B19-E7FD7E3C43AD}.Debug|Any CPU.ActiveCfg = Debug|Any CPU
		{59693A99-DB69-441A-8B19-E7FD7E3C43AD}.Debug|Any CPU.Build.0 = Debug|Any CPU
		{59693A99-DB69-441A-8B19-E7FD7E3C43AD}.Release|Any CPU.ActiveCfg = Release|Any CPU
		{59693A99-DB69-441A-8B19-E7FD7E3C43AD}.Release|Any CPU.Build.0 = Release|Any CPU
		{EFCD4A00-D673-4FF7-BEFF-969DFC648A42}.Debug|Any CPU.ActiveCfg = Debug|Any CPU
		{EFCD4A00-D673-4FF7-BEFF-969DFC648A42}.Debug|Any CPU.Build.0 = Debug|Any CPU
		{EFCD4A00-D673-4FF7-BEFF-969DFC648A42}.Release|Any CPU.ActiveCfg = Release|Any CPU
		{EFCD4A00-D673-4FF7-BEFF-969DFC648A42}.Release|Any CPU.Build.0 = Release|Any CPU
		{A9290D29-B261-40AF-A2E3-C42054D7525B}.Debug|Any CPU.ActiveCfg = Debug|Any CPU
		{A9290D29-B261-40AF-A2E3-C42054D7525B}.Debug|Any CPU.Build.0 = Debug|Any CPU
		{A9290D29-B261-40AF-A2E3-C42054D7525B}.Release|Any CPU.ActiveCfg = Release|Any CPU
		{A9290D29-B261-40AF-A2E3-C42054D7525B}.Release|Any CPU.Build.0 = Release|Any CPU
		{C8526260-554B-4E54-A2A5-7CF82D3BBBB0}.Debug|Any CPU.ActiveCfg = Debug|Any CPU
		{C8526260-554B-4E54-A2A5-7CF82D3BBBB0}.Debug|Any CPU.Build.0 = Debug|Any CPU
		{C8526260-554B-4E54-A2A5-7CF82D3BBBB0}.Release|Any CPU.ActiveCfg = Release|Any CPU
		{C8526260-554B-4E54-A2A5-7CF82D3BBBB0}.Release|Any CPU.Build.0 = Release|Any CPU
		{3F338628-CE34-4C78-B51B-3959C12C0A0C}.Debug|Any CPU.ActiveCfg = Debug|Any CPU
		{3F338628-CE34-4C78-B51B-3959C12C0A0C}.Debug|Any CPU.Build.0 = Debug|Any CPU
		{3F338628-CE34-4C78-B51B-3959C12C0A0C}.Release|Any CPU.ActiveCfg = Release|Any CPU
		{3F338628-CE34-4C78-B51B-3959C12C0A0C}.Release|Any CPU.Build.0 = Release|Any CPU
		{F2701B62-4CBD-4DF8-958A-73943F1AB29D}.Debug|Any CPU.ActiveCfg = Debug|Any CPU
		{F2701B62-4CBD-4DF8-958A-73943F1AB29D}.Debug|Any CPU.Build.0 = Debug|Any CPU
		{F2701B62-4CBD-4DF8-958A-73943F1AB29D}.Release|Any CPU.ActiveCfg = Release|Any CPU
		{F2701B62-4CBD-4DF8-958A-73943F1AB29D}.Release|Any CPU.Build.0 = Release|Any CPU
		{67C51036-E669-4338-8577-879290B7DCB7}.Debug|Any CPU.ActiveCfg = Debug|Any CPU
		{67C51036-E669-4338-8577-879290B7DCB7}.Debug|Any CPU.Build.0 = Debug|Any CPU
		{67C51036-E669-4338-8577-879290B7DCB7}.Release|Any CPU.ActiveCfg = Release|Any CPU
		{67C51036-E669-4338-8577-879290B7DCB7}.Release|Any CPU.Build.0 = Release|Any CPU
	EndGlobalSection
	GlobalSection(SolutionProperties) = preSolution
		HideSolutionNode = FALSE
	EndGlobalSection
	GlobalSection(NestedProjects) = preSolution
		{17F938AF-95CF-40CA-8F95-4C89C494D522} = {B22961A8-94A3-4CA3-A0D0-B06BDED66606}
		{A5C041CC-77B8-4C83-A074-8F5EA276F139} = {B22961A8-94A3-4CA3-A0D0-B06BDED66606}
		{7F34ACAC-A92C-4312-893F-1178E790D787} = {B22961A8-94A3-4CA3-A0D0-B06BDED66606}
		{A1231CE5-7E7D-4077-890B-4486D285F3AD} = {B22961A8-94A3-4CA3-A0D0-B06BDED66606}
		{4D90FBC9-1BEB-4D00-B638-D2BB9BFAF336} = {22BA0E95-91E9-4A03-81CA-ED395B384CF1}
		{59693A99-DB69-441A-8B19-E7FD7E3C43AD} = {22BA0E95-91E9-4A03-81CA-ED395B384CF1}
		{EFCD4A00-D673-4FF7-BEFF-969DFC648A42} = {22BA0E95-91E9-4A03-81CA-ED395B384CF1}
		{A9290D29-B261-40AF-A2E3-C42054D7525B} = {8C990929-AB86-4220-BA84-DF401EBC1329}
		{C8526260-554B-4E54-A2A5-7CF82D3BBBB0} = {8C990929-AB86-4220-BA84-DF401EBC1329}
		{3F338628-CE34-4C78-B51B-3959C12C0A0C} = {8C990929-AB86-4220-BA84-DF401EBC1329}
		{F2701B62-4CBD-4DF8-958A-73943F1AB29D} = {8C990929-AB86-4220-BA84-DF401EBC1329}
		{67C51036-E669-4338-8577-879290B7DCB7} = {22BA0E95-91E9-4A03-81CA-ED395B384CF1}
	EndGlobalSection
	GlobalSection(ExtensibilityGlobals) = postSolution
		SolutionGuid = {98E00D6C-E9EE-4E8F-B112-5F4124BFB6CB}
	EndGlobalSection
EndGlobal
